PODS:
  - Alamofire (4.8.1)
  - Popover (1.2.2)

DEPENDENCIES:
  - Alamofire
  - Popover

SPEC REPOS:
  https://github.com/cocoapods/specs.git:
    - Alamofire
    - Popover

SPEC CHECKSUMS:
  Alamofire: 16ce2c353fb72865124ddae8a57c5942388f4f11
  Popover: 21e357f86d45c8d9e29a41a4adbca3664d6e511f

PODFILE CHECKSUM: 9bde6b21345af2705987ca7f42439fcf4490e151

COCOAPODS: 1.6.0
