PODS:
  - Alamofire (4.8.1)
  - Auth0 (1.14.1):
    - SimpleKeychain
  - CryptoSwift (0.9.0)
  - Firebase/Core (5.18.0):
    - Firebase/CoreOnly
    - FirebaseAnalytics (= 5.7.0)
  - Firebase/CoreOnly (5.18.0):
    - FirebaseCore (= 5.3.1)
  - Firebase/Storage (5.18.0):
    - Firebase/CoreOnly
    - FirebaseStorage (= 3.1.0)
  - FirebaseAnalytics (5.7.0):
    - FirebaseCore (~> 5.3)
    - FirebaseInstanceID (~> 3.6)
    - GoogleAppMeasurement (= 5.7.0)
    - GoogleUtilities/AppDelegateSwizzler (~> 5.2)
    - GoogleUtilities/MethodSwizzler (~> 5.2)
    - GoogleUtilities/Network (~> 5.2)
    - "GoogleUtilities/NSData+zlib (~> 5.2)"
    - nanopb (~> 0.3)
  - FirebaseAuthInterop (1.0.0)
  - FirebaseCore (5.3.1):
    - GoogleUtilities/Logger (~> 5.2)
  - FirebaseInstanceID (3.7.0):
    - FirebaseCore (~> 5.2)
    - GoogleUtilities/Environment (~> 5.2)
    - GoogleUtilities/UserDefaults (~> 5.2)
  - FirebaseStorage (3.1.0):
    - FirebaseAuthInterop (~> 1.0)
    - FirebaseCore (~> 5.2)
    - GTMSessionFetcher/Core (~> 1.1)
  - GoogleAppMeasurement (5.7.0):
    - GoogleUtilities/AppDelegateSwizzler (~> 5.2)
    - GoogleUtilities/MethodSwizzler (~> 5.2)
    - GoogleUtilities/Network (~> 5.2)
    - "GoogleUtilities/NSData+zlib (~> 5.2)"
    - nanopb (~> 0.3)
  - GoogleUtilities/AppDelegateSwizzler (5.3.7):
    - GoogleUtilities/Environment
    - GoogleUtilities/Logger
    - GoogleUtilities/Network
  - GoogleUtilities/Environment (5.3.7)
  - GoogleUtilities/Logger (5.3.7):
    - GoogleUtilities/Environment
  - GoogleUtilities/MethodSwizzler (5.3.7):
    - GoogleUtilities/Logger
  - GoogleUtilities/Network (5.3.7):
    - GoogleUtilities/Logger
    - "GoogleUtilities/NSData+zlib"
    - GoogleUtilities/Reachability
  - "GoogleUtilities/NSData+zlib (5.3.7)"
  - GoogleUtilities/Reachability (5.3.7):
    - GoogleUtilities/Logger
  - GoogleUtilities/UserDefaults (5.3.7):
    - GoogleUtilities/Logger
  - GTMSessionFetcher/Core (1.2.1)
  - Kingfisher (5.1.1)
  - nanopb (0.3.901):
    - nanopb/decode (= 0.3.901)
    - nanopb/encode (= 0.3.901)
  - nanopb/decode (0.3.901)
  - nanopb/encode (0.3.901)
  - Popover (1.2.2)
  - PusherSwift (6.1.0):
    - CryptoSwift (~> 0.9.0)
    - ReachabilitySwift (~> 4.1.0)
    - Starscream (~> 3.0.5)
    - TaskQueue (~> 1.1.1)
  - PushNotifications (1.2.1)
  - ReachabilitySwift (4.1.0)
  - SimpleKeychain (0.8.1)
  - Starscream (3.0.6)
  - SwiftKeychainWrapper (3.2.0)
  - TaskQueue (1.1.1)
  - TUSafariActivity (1.0.4)

DEPENDENCIES:
  - Alamofire
  - Auth0
  - Firebase/Core
  - Firebase/Storage
  - Kingfisher
  - Popover
  - PusherSwift
  - PushNotifications
  - SimpleKeychain
  - SwiftKeychainWrapper
  - TUSafariActivity (~> 1.0)

SPEC REPOS:
  https://github.com/cocoapods/specs.git:
    - Alamofire
    - Auth0
    - CryptoSwift
    - Firebase
    - FirebaseAnalytics
    - FirebaseAuthInterop
    - FirebaseCore
    - FirebaseInstanceID
    - FirebaseStorage
    - GoogleAppMeasurement
    - GoogleUtilities
    - GTMSessionFetcher
    - Kingfisher
    - nanopb
    - Popover
    - PusherSwift
    - PushNotifications
    - ReachabilitySwift
    - SimpleKeychain
    - Starscream
    - SwiftKeychainWrapper
    - TaskQueue
    - TUSafariActivity

SPEC CHECKSUMS:
  Alamofire: 16ce2c353fb72865124ddae8a57c5942388f4f11
  Auth0: 064dc115cd99eec7334d1cab565f4d974eecac4d
  CryptoSwift: bca8c5b653dcc2d9734409242a070ff53bafac86
  Firebase: 02f3281965c075426141a0ce1277e9de6649cab9
  FirebaseAnalytics: 23851fe602c872130a2c5c55040b302120346cc2
  FirebaseAuthInterop: 0ffa57668be100582bb7643d4fcb7615496c41fc
  FirebaseCore: 52f851b30e11360f1e67cf04b1edfebf0a47a2d3
  FirebaseInstanceID: bd6fc5a258884e206fd5c474ebe4f5b00e21770e
  FirebaseStorage: 29075f874c2b3cf61e5221a62c4ceefc809e5412
  GoogleAppMeasurement: 6cf307834da065863f9faf4c0de0a936d81dd832
  GoogleUtilities: 111a012f4c3a29c9e7c954c082fafd6ee3c999c0
  GTMSessionFetcher: 32aeca0aa144acea523e1c8e053089dec2cb98ca
  Kingfisher: 2558186963e5be42d98c5b110ccb3130148b77e4
  nanopb: 2901f78ea1b7b4015c860c2fdd1ea2fee1a18d48
  Popover: 21e357f86d45c8d9e29a41a4adbca3664d6e511f
  PusherSwift: 6f2535d616cf0d6867a58bee501999995ad37999
  PushNotifications: b251b6243148e30039481cbb6e140fe7769d08d4
  ReachabilitySwift: 6849231cd4e06559f3b9ef4a97a0a0f96d41e09f
  SimpleKeychain: e2485c28d82fcece35e9e41faeac42ebfe614815
  Starscream: ef3ece99d765eeccb67de105bfa143f929026cf5
  SwiftKeychainWrapper: 82c4c02cdc36f9a24f7edfcaab3e336401caa1a1
  TaskQueue: 53a3cdaf817d9ce3cd50837ff6610aeb7b968997
  TUSafariActivity: afc55a00965377939107ce4fdc7f951f62454546

PODFILE CHECKSUM: ec8bcaeeeb449e715484ed554c5d299ea8aba954

COCOAPODS: 1.6.1
